
Microsoft Visual Studio Solution File, Format Version 12.00
# Visual Studio Version 16
VisualStudioVersion = 16.0.29306.81
MinimumVisualStudioVersion = 10.0.40219.1
Project("{FAE04EC0-301F-11D3-BF4B-00C04F79EFBC}") = "MYLastASsingment", "MYLastASsingment\MYLastASsingment.csproj", "{787AB7F9-A7DB-415E-B2EE-F2799319FF65}"
EndProject
Global
	GlobalSection(SolutionConfigurationPlatforms) = preSolution
		Debug|Any CPU = Debug|Any CPU
		Release|Any CPU = Release|Any CPU
	EndGlobalSection
	GlobalSection(ProjectConfigurationPlatforms) = postSolution
		{787AB7F9-A7DB-415E-B2EE-F2799319FF65}.Debug|Any CPU.ActiveCfg = Debug|Any CPU
		{787AB7F9-A7DB-415E-B2EE-F2799319FF65}.Debug|Any CPU.Build.0 = Debug|Any CPU
		{787AB7F9-A7DB-415E-B2EE-F2799319FF65}.Release|Any CPU.ActiveCfg = Release|Any CPU
		{787AB7F9-A7DB-415E-B2EE-F2799319FF65}.Release|Any CPU.Build.0 = Release|Any CPU
	EndGlobalSection
	GlobalSection(SolutionProperties) = preSolution
		HideSolutionNode = FALSE
	EndGlobalSection
	GlobalSection(ExtensibilityGlobals) = postSolution
		SolutionGuid = {0A46E071-1626-49E4-BA92-C308C0649B03}
	EndGlobalSection
EndGlobal
