
Microsoft Visual Studio Solution File, Format Version 12.00
# Visual Studio Version 16
VisualStudioVersion = 16.0.29306.81
MinimumVisualStudioVersion = 10.0.40219.1
Project("{FAE04EC0-301F-11D3-BF4B-00C04F79EFBC}") = "Methods", "Methods\Methods.csproj", "{29D977A1-54B9-4CF3-98EF-84C3B40CE38E}"
EndProject
Global
	GlobalSection(SolutionConfigurationPlatforms) = preSolution
		Debug|Any CPU = Debug|Any CPU
		Release|Any CPU = Release|Any CPU
	EndGlobalSection
	GlobalSection(ProjectConfigurationPlatforms) = postSolution
		{29D977A1-54B9-4CF3-98EF-84C3B40CE38E}.Debug|Any CPU.ActiveCfg = Debug|Any CPU
		{29D977A1-54B9-4CF3-98EF-84C3B40CE38E}.Debug|Any CPU.Build.0 = Debug|Any CPU
		{29D977A1-54B9-4CF3-98EF-84C3B40CE38E}.Release|Any CPU.ActiveCfg = Release|Any CPU
		{29D977A1-54B9-4CF3-98EF-84C3B40CE38E}.Release|Any CPU.Build.0 = Release|Any CPU
	EndGlobalSection
	GlobalSection(SolutionProperties) = preSolution
		HideSolutionNode = FALSE
	EndGlobalSection
	GlobalSection(ExtensibilityGlobals) = postSolution
		SolutionGuid = {91822A95-9C88-44DB-8AFD-FBCFE2DFF130}
	EndGlobalSection
EndGlobal
