
Microsoft Visual Studio Solution File, Format Version 12.00
# Visual Studio Version 16
VisualStudioVersion = 16.0.29306.81
MinimumVisualStudioVersion = 10.0.40219.1
Project("{FAE04EC0-301F-11D3-BF4B-00C04F79EFBC}") = "MyFirstProgram", "MyFirstProgram\MyFirstProgram.csproj", "{48AA2E3D-E581-448F-AEBD-83A42E3CA2DD}"
EndProject
Global
	GlobalSection(SolutionConfigurationPlatforms) = preSolution
		Debug|Any CPU = Debug|Any CPU
		Release|Any CPU = Release|Any CPU
	EndGlobalSection
	GlobalSection(ProjectConfigurationPlatforms) = postSolution
		{48AA2E3D-E581-448F-AEBD-83A42E3CA2DD}.Debug|Any CPU.ActiveCfg = Debug|Any CPU
		{48AA2E3D-E581-448F-AEBD-83A42E3CA2DD}.Debug|Any CPU.Build.0 = Debug|Any CPU
		{48AA2E3D-E581-448F-AEBD-83A42E3CA2DD}.Release|Any CPU.ActiveCfg = Release|Any CPU
		{48AA2E3D-E581-448F-AEBD-83A42E3CA2DD}.Release|Any CPU.Build.0 = Release|Any CPU
	EndGlobalSection
	GlobalSection(SolutionProperties) = preSolution
		HideSolutionNode = FALSE
	EndGlobalSection
	GlobalSection(ExtensibilityGlobals) = postSolution
		SolutionGuid = {B54458F1-C120-431B-8455-3AB2EC5E77BF}
	EndGlobalSection
EndGlobal
