
Microsoft Visual Studio Solution File, Format Version 12.00
# Visual Studio Version 16
VisualStudioVersion = 16.0.29306.81
MinimumVisualStudioVersion = 10.0.40219.1
Project("{FAE04EC0-301F-11D3-BF4B-00C04F79EFBC}") = "Voter Elligibility Check", "Voter Elligibility Check\Voter Elligibility Check.csproj", "{1EC71D20-CA3D-4564-A925-1E4976031BF1}"
EndProject
Global
	GlobalSection(SolutionConfigurationPlatforms) = preSolution
		Debug|Any CPU = Debug|Any CPU
		Release|Any CPU = Release|Any CPU
	EndGlobalSection
	GlobalSection(ProjectConfigurationPlatforms) = postSolution
		{1EC71D20-CA3D-4564-A925-1E4976031BF1}.Debug|Any CPU.ActiveCfg = Debug|Any CPU
		{1EC71D20-CA3D-4564-A925-1E4976031BF1}.Debug|Any CPU.Build.0 = Debug|Any CPU
		{1EC71D20-CA3D-4564-A925-1E4976031BF1}.Release|Any CPU.ActiveCfg = Release|Any CPU
		{1EC71D20-CA3D-4564-A925-1E4976031BF1}.Release|Any CPU.Build.0 = Release|Any CPU
	EndGlobalSection
	GlobalSection(SolutionProperties) = preSolution
		HideSolutionNode = FALSE
	EndGlobalSection
	GlobalSection(ExtensibilityGlobals) = postSolution
		SolutionGuid = {4AEDDCA0-E71F-4F98-83A1-DAD92A5E6A1C}
	EndGlobalSection
EndGlobal
